
Microsoft Visual Studio Solution File, Format Version 12.00
# Visual Studio Version 16
VisualStudioVersion = 16.0.29025.244
MinimumVisualStudioVersion = 10.0.40219.1
Project("{9A19103F-16F7-4668-BE54-9A1E7A4F7556}") = "ConsoleApp.SQL", "ConsoleApp.SQLite\ConsoleApp.SQL.csproj", "{03ADEE70-62AC-4152-A42F-9C8092134FEE}"
EndProject
Global
	GlobalSection(SolutionConfigurationPlatforms) = preSolution
		Debug|Any CPU = Debug|Any CPU
		Release|Any CPU = Release|Any CPU
	EndGlobalSection
	GlobalSection(ProjectConfigurationPlatforms) = postSolution
		{03ADEE70-62AC-4152-A42F-9C8092134FEE}.Debug|Any CPU.ActiveCfg = Debug|Any CPU
		{03ADEE70-62AC-4152-A42F-9C8092134FEE}.Debug|Any CPU.Build.0 = Debug|Any CPU
		{03ADEE70-62AC-4152-A42F-9C8092134FEE}.Release|Any CPU.ActiveCfg = Release|Any CPU
		{03ADEE70-62AC-4152-A42F-9C8092134FEE}.Release|Any CPU.Build.0 = Release|Any CPU
	EndGlobalSection
	GlobalSection(SolutionProperties) = preSolution
		HideSolutionNode = FALSE
	EndGlobalSection
	GlobalSection(ExtensibilityGlobals) = postSolution
		SolutionGuid = {7B185251-F117-4659-B9F0-91AF3BF1C3FF}
	EndGlobalSection
EndGlobal
