
Microsoft Visual Studio Solution File, Format Version 12.00
# Visual Studio Version 16
VisualStudioVersion = 16.0.29025.244
MinimumVisualStudioVersion = 10.0.40219.1
Project("{FAE04EC0-301F-11D3-BF4B-00C04F79EFBC}") = "SamuraiWebAppPlsWork", "SamuraiWebAppPlsWork\SamuraiWebAppPlsWork.csproj", "{30F1D044-10E0-43DB-9B18-1CD5849AF4FF}"
EndProject
Project("{FAE04EC0-301F-11D3-BF4B-00C04F79EFBC}") = "SamuraiWebAppPlsWork.Domain", "SamuraiWebAppPlsWork.Domain\SamuraiWebAppPlsWork.Domain.csproj", "{261F7592-B41E-4491-AF30-DD874FAD58E2}"
EndProject
Project("{FAE04EC0-301F-11D3-BF4B-00C04F79EFBC}") = "SamuraiWebAppPlsWork.Data", "SamuraiWebAppPlsWork.Data\SamuraiWebAppPlsWork.Data.csproj", "{6BFD0A92-E246-42B8-B375-A2A4DEBBAF05}"
EndProject
Global
	GlobalSection(SolutionConfigurationPlatforms) = preSolution
		Debug|Any CPU = Debug|Any CPU
		Release|Any CPU = Release|Any CPU
	EndGlobalSection
	GlobalSection(ProjectConfigurationPlatforms) = postSolution
		{30F1D044-10E0-43DB-9B18-1CD5849AF4FF}.Debug|Any CPU.ActiveCfg = Debug|Any CPU
		{30F1D044-10E0-43DB-9B18-1CD5849AF4FF}.Debug|Any CPU.Build.0 = Debug|Any CPU
		{30F1D044-10E0-43DB-9B18-1CD5849AF4FF}.Release|Any CPU.ActiveCfg = Release|Any CPU
		{30F1D044-10E0-43DB-9B18-1CD5849AF4FF}.Release|Any CPU.Build.0 = Release|Any CPU
		{261F7592-B41E-4491-AF30-DD874FAD58E2}.Debug|Any CPU.ActiveCfg = Debug|Any CPU
		{261F7592-B41E-4491-AF30-DD874FAD58E2}.Debug|Any CPU.Build.0 = Debug|Any CPU
		{261F7592-B41E-4491-AF30-DD874FAD58E2}.Release|Any CPU.ActiveCfg = Release|Any CPU
		{261F7592-B41E-4491-AF30-DD874FAD58E2}.Release|Any CPU.Build.0 = Release|Any CPU
		{6BFD0A92-E246-42B8-B375-A2A4DEBBAF05}.Debug|Any CPU.ActiveCfg = Debug|Any CPU
		{6BFD0A92-E246-42B8-B375-A2A4DEBBAF05}.Debug|Any CPU.Build.0 = Debug|Any CPU
		{6BFD0A92-E246-42B8-B375-A2A4DEBBAF05}.Release|Any CPU.ActiveCfg = Release|Any CPU
		{6BFD0A92-E246-42B8-B375-A2A4DEBBAF05}.Release|Any CPU.Build.0 = Release|Any CPU
	EndGlobalSection
	GlobalSection(SolutionProperties) = preSolution
		HideSolutionNode = FALSE
	EndGlobalSection
	GlobalSection(ExtensibilityGlobals) = postSolution
		SolutionGuid = {6EF017A7-2F10-417D-8604-2CCCB379B72A}
	EndGlobalSection
EndGlobal
