
Microsoft Visual Studio Solution File, Format Version 12.00
# Visual Studio Version 16
VisualStudioVersion = 16.0.29025.244
MinimumVisualStudioVersion = 10.0.40219.1
Project("{FAE04EC0-301F-11D3-BF4B-00C04F79EFBC}") = "SamuraiWebApp", "SamuraiWebApp\SamuraiWebApp.csproj", "{5D6A71B6-12BD-4DA7-98D5-B6654597C120}"
EndProject
Project("{FAE04EC0-301F-11D3-BF4B-00C04F79EFBC}") = "SamuraiWebApp.Data", "SamuraiWebApp.Data\SamuraiWebApp.Data.csproj", "{DF402834-0EE7-487C-AEDA-939993AF2F13}"
EndProject
Project("{FAE04EC0-301F-11D3-BF4B-00C04F79EFBC}") = "SamuraiWebApp.Domain", "SamuraiWebApp.Domain\SamuraiWebApp.Domain.csproj", "{5F859002-36EF-4FD8-B5F0-2D4CD9543410}"
EndProject
Global
	GlobalSection(SolutionConfigurationPlatforms) = preSolution
		Debug|Any CPU = Debug|Any CPU
		Release|Any CPU = Release|Any CPU
	EndGlobalSection
	GlobalSection(ProjectConfigurationPlatforms) = postSolution
		{5D6A71B6-12BD-4DA7-98D5-B6654597C120}.Debug|Any CPU.ActiveCfg = Debug|Any CPU
		{5D6A71B6-12BD-4DA7-98D5-B6654597C120}.Debug|Any CPU.Build.0 = Debug|Any CPU
		{5D6A71B6-12BD-4DA7-98D5-B6654597C120}.Release|Any CPU.ActiveCfg = Release|Any CPU
		{5D6A71B6-12BD-4DA7-98D5-B6654597C120}.Release|Any CPU.Build.0 = Release|Any CPU
		{DF402834-0EE7-487C-AEDA-939993AF2F13}.Debug|Any CPU.ActiveCfg = Debug|Any CPU
		{DF402834-0EE7-487C-AEDA-939993AF2F13}.Debug|Any CPU.Build.0 = Debug|Any CPU
		{DF402834-0EE7-487C-AEDA-939993AF2F13}.Release|Any CPU.ActiveCfg = Release|Any CPU
		{DF402834-0EE7-487C-AEDA-939993AF2F13}.Release|Any CPU.Build.0 = Release|Any CPU
		{5F859002-36EF-4FD8-B5F0-2D4CD9543410}.Debug|Any CPU.ActiveCfg = Debug|Any CPU
		{5F859002-36EF-4FD8-B5F0-2D4CD9543410}.Debug|Any CPU.Build.0 = Debug|Any CPU
		{5F859002-36EF-4FD8-B5F0-2D4CD9543410}.Release|Any CPU.ActiveCfg = Release|Any CPU
		{5F859002-36EF-4FD8-B5F0-2D4CD9543410}.Release|Any CPU.Build.0 = Release|Any CPU
	EndGlobalSection
	GlobalSection(SolutionProperties) = preSolution
		HideSolutionNode = FALSE
	EndGlobalSection
	GlobalSection(ExtensibilityGlobals) = postSolution
		SolutionGuid = {D7D227BC-15C9-4EF8-8E18-E6689B65A2A6}
	EndGlobalSection
EndGlobal
