
Microsoft Visual Studio Solution File, Format Version 12.00
# Visual Studio Version 16
VisualStudioVersion = 16.0.29025.244
MinimumVisualStudioVersion = 10.0.40219.1
Project("{FAE04EC0-301F-11D3-BF4B-00C04F79EFBC}") = "ElephantCarpaccio", "ElephantCarpaccio\ElephantCarpaccio.csproj", "{452D52D2-48D6-4C5E-8492-F0B6B2216C8A}"
EndProject
Global
	GlobalSection(SolutionConfigurationPlatforms) = preSolution
		Debug|Any CPU = Debug|Any CPU
		Release|Any CPU = Release|Any CPU
	EndGlobalSection
	GlobalSection(ProjectConfigurationPlatforms) = postSolution
		{452D52D2-48D6-4C5E-8492-F0B6B2216C8A}.Debug|Any CPU.ActiveCfg = Debug|Any CPU
		{452D52D2-48D6-4C5E-8492-F0B6B2216C8A}.Debug|Any CPU.Build.0 = Debug|Any CPU
		{452D52D2-48D6-4C5E-8492-F0B6B2216C8A}.Release|Any CPU.ActiveCfg = Release|Any CPU
		{452D52D2-48D6-4C5E-8492-F0B6B2216C8A}.Release|Any CPU.Build.0 = Release|Any CPU
	EndGlobalSection
	GlobalSection(SolutionProperties) = preSolution
		HideSolutionNode = FALSE
	EndGlobalSection
	GlobalSection(ExtensibilityGlobals) = postSolution
		SolutionGuid = {2AA7D021-C90E-43AA-B00B-E70514A5F2E3}
	EndGlobalSection
EndGlobal
